
Microsoft Visual Studio Solution File, Format Version 12.00
# Visual Studio Version 17
VisualStudioVersion = 17.14.37012.4
MinimumVisualStudioVersion = 10.0.40219.1
Project("{FAE04EC0-301F-11D3-BF4B-00C04F79EFBC}") = "ConsoleApp", "ConsoleApp\ConsoleApp.csproj", "{86D14003-7DFA-43C6-BF41-B92ED855A23D}"
EndProject
Project("{FAE04EC0-301F-11D3-BF4B-00C04F79EFBC}") = "MyLinkedListLib", "MyLinkedListLib\MyLinkedListLib.csproj", "{5D622C0F-E9E3-47A7-9355-DA4EBCF2BE46}"
EndProject
Project("{FAE04EC0-301F-11D3-BF4B-00C04F79EFBC}") = "MyQueueLib", "MyQueueLib\MyQueueLib.csproj", "{BD71231C-E033-4667-B5A3-D528110B039E}"
EndProject
Project("{FAE04EC0-301F-11D3-BF4B-00C04F79EFBC}") = "MyStackLib", "MyStackLib\MyStackLib.csproj", "{75A4C2A8-311D-419E-973C-730D38BF0D89}"
EndProject
Project("{FAE04EC0-301F-11D3-BF4B-00C04F79EFBC}") = "MyStackWithArrayLib", "MyStackWithArrayLib\MyStackWithArrayLib.csproj", "{07DB15B9-BB13-43B6-8338-9FD0EFE310DF}"
EndProject
Project("{FAE04EC0-301F-11D3-BF4B-00C04F79EFBC}") = "MyQueueWithArrayLib", "MyQueueWithArrayLib\MyQueueWithArrayLib.csproj", "{2892DE92-F6F7-4903-AECC-35D5ABBF29BF}"
EndProject
Project("{FAE04EC0-301F-11D3-BF4B-00C04F79EFBC}") = "MyBinaryTreeLib", "MyBinaryTreeLib\MyBinaryTreeLib.csproj", "{8310E900-58BA-4DDE-BDD3-9245EAC8FF0E}"
EndProject
Project("{FAE04EC0-301F-11D3-BF4B-00C04F79EFBC}") = "MyHashFunctionProject", "MyHashFunctionProject\MyHashFunctionProject.csproj", "{01932992-22D7-4FE0-867D-0F6EB454DA9D}"
EndProject
Project("{FAE04EC0-301F-11D3-BF4B-00C04F79EFBC}") = "MySetProject", "MySetProject\MySetProject.csproj", "{5189FEEF-CFF6-4AF0-ABA1-2887552A05CE}"
EndProject
Project("{FAE04EC0-301F-11D3-BF4B-00C04F79EFBC}") = "MySetWPF", "MySetWPF\MySetWPF.csproj", "{63A82F56-04FC-4F4D-98FB-1E482D181BA3}"
EndProject
Global
	GlobalSection(SolutionConfigurationPlatforms) = preSolution
		Debug|Any CPU = Debug|Any CPU
		Release|Any CPU = Release|Any CPU
	EndGlobalSection
	GlobalSection(ProjectConfigurationPlatforms) = postSolution
		{86D14003-7DFA-43C6-BF41-B92ED855A23D}.Debug|Any CPU.ActiveCfg = Debug|Any CPU
		{86D14003-7DFA-43C6-BF41-B92ED855A23D}.Debug|Any CPU.Build.0 = Debug|Any CPU
		{86D14003-7DFA-43C6-BF41-B92ED855A23D}.Release|Any CPU.ActiveCfg = Release|Any CPU
		{86D14003-7DFA-43C6-BF41-B92ED855A23D}.Release|Any CPU.Build.0 = Release|Any CPU
		{5D622C0F-E9E3-47A7-9355-DA4EBCF2BE46}.Debug|Any CPU.ActiveCfg = Debug|Any CPU
		{5D622C0F-E9E3-47A7-9355-DA4EBCF2BE46}.Debug|Any CPU.Build.0 = Debug|Any CPU
		{5D622C0F-E9E3-47A7-9355-DA4EBCF2BE46}.Release|Any CPU.ActiveCfg = Release|Any CPU
		{5D622C0F-E9E3-47A7-9355-DA4EBCF2BE46}.Release|Any CPU.Build.0 = Release|Any CPU
		{BD71231C-E033-4667-B5A3-D528110B039E}.Debug|Any CPU.ActiveCfg = Debug|Any CPU
		{BD71231C-E033-4667-B5A3-D528110B039E}.Debug|Any CPU.Build.0 = Debug|Any CPU
		{BD71231C-E033-4667-B5A3-D528110B039E}.Release|Any CPU.ActiveCfg = Release|Any CPU
		{BD71231C-E033-4667-B5A3-D528110B039E}.Release|Any CPU.Build.0 = Release|Any CPU
		{75A4C2A8-311D-419E-973C-730D38BF0D89}.Debug|Any CPU.ActiveCfg = Debug|Any CPU
		{75A4C2A8-311D-419E-973C-730D38BF0D89}.Debug|Any CPU.Build.0 = Debug|Any CPU
		{75A4C2A8-311D-419E-973C-730D38BF0D89}.Release|Any CPU.ActiveCfg = Release|Any CPU
		{75A4C2A8-311D-419E-973C-730D38BF0D89}.Release|Any CPU.Build.0 = Release|Any CPU
		{07DB15B9-BB13-43B6-8338-9FD0EFE310DF}.Debug|Any CPU.ActiveCfg = Debug|Any CPU
		{07DB15B9-BB13-43B6-8338-9FD0EFE310DF}.Debug|Any CPU.Build.0 = Debug|Any CPU
		{07DB15B9-BB13-43B6-8338-9FD0EFE310DF}.Release|Any CPU.ActiveCfg = Release|Any CPU
		{07DB15B9-BB13-43B6-8338-9FD0EFE310DF}.Release|Any CPU.Build.0 = Release|Any CPU
		{2892DE92-F6F7-4903-AECC-35D5ABBF29BF}.Debug|Any CPU.ActiveCfg = Debug|Any CPU
		{2892DE92-F6F7-4903-AECC-35D5ABBF29BF}.Debug|Any CPU.Build.0 = Debug|Any CPU
		{2892DE92-F6F7-4903-AECC-35D5ABBF29BF}.Release|Any CPU.ActiveCfg = Release|Any CPU
		{2892DE92-F6F7-4903-AECC-35D5ABBF29BF}.Release|Any CPU.Build.0 = Release|Any CPU
		{8310E900-58BA-4DDE-BDD3-9245EAC8FF0E}.Debug|Any CPU.ActiveCfg = Debug|Any CPU
		{8310E900-58BA-4DDE-BDD3-9245EAC8FF0E}.Debug|Any CPU.Build.0 = Debug|Any CPU
		{8310E900-58BA-4DDE-BDD3-9245EAC8FF0E}.Release|Any CPU.ActiveCfg = Release|Any CPU
		{8310E900-58BA-4DDE-BDD3-9245EAC8FF0E}.Release|Any CPU.Build.0 = Release|Any CPU
		{01932992-22D7-4FE0-867D-0F6EB454DA9D}.Debug|Any CPU.ActiveCfg = Debug|Any CPU
		{01932992-22D7-4FE0-867D-0F6EB454DA9D}.Debug|Any CPU.Build.0 = Debug|Any CPU
		{01932992-22D7-4FE0-867D-0F6EB454DA9D}.Release|Any CPU.ActiveCfg = Release|Any CPU
		{01932992-22D7-4FE0-867D-0F6EB454DA9D}.Release|Any CPU.Build.0 = Release|Any CPU
		{5189FEEF-CFF6-4AF0-ABA1-2887552A05CE}.Debug|Any CPU.ActiveCfg = Debug|Any CPU
		{5189FEEF-CFF6-4AF0-ABA1-2887552A05CE}.Debug|Any CPU.Build.0 = Debug|Any CPU
		{5189FEEF-CFF6-4AF0-ABA1-2887552A05CE}.Release|Any CPU.ActiveCfg = Release|Any CPU
		{5189FEEF-CFF6-4AF0-ABA1-2887552A05CE}.Release|Any CPU.Build.0 = Release|Any CPU
		{63A82F56-04FC-4F4D-98FB-1E482D181BA3}.Debug|Any CPU.ActiveCfg = Debug|Any CPU
		{63A82F56-04FC-4F4D-98FB-1E482D181BA3}.Debug|Any CPU.Build.0 = Debug|Any CPU
		{63A82F56-04FC-4F4D-98FB-1E482D181BA3}.Release|Any CPU.ActiveCfg = Release|Any CPU
		{63A82F56-04FC-4F4D-98FB-1E482D181BA3}.Release|Any CPU.Build.0 = Release|Any CPU
	EndGlobalSection
	GlobalSection(SolutionProperties) = preSolution
		HideSolutionNode = FALSE
	EndGlobalSection
	GlobalSection(ExtensibilityGlobals) = postSolution
		SolutionGuid = {742A6722-7D88-4441-B5F6-A3630E40B32F}
	EndGlobalSection
EndGlobal
